
Microsoft Visual Studio Solution File, Format Version 12.00
# Visual Studio Version 17
VisualStudioVersion = 17.0.31903.59
MinimumVisualStudioVersion = 10.0.40219.1
Project("{2150E333-8FDC-42A3-9474-1A3956D46DE8}") = "src", "src", "{78C7E60D-7C08-4987-ABEB-009776BA6BC5}"
EndProject
Project("{2150E333-8FDC-42A3-9474-1A3956D46DE8}") = "Services", "Services", "{38E54E89-3F33-4A3E-A8CD-13A558B34927}"
EndProject
Project("{2150E333-8FDC-42A3-9474-1A3956D46DE8}") = "Catalog", "Catalog", "{9B6448F0-C6CE-4EEC-A30F-E38B848AAB52}"
EndProject
Project("{9A19103F-16F7-4668-BE54-9A1E7A4F7556}") = "Catalog.API", "src\Services\Catalog\Catalog.API\Catalog.API.csproj", "{2CAB6E50-BB52-4E40-BB77-1DFC145F2609}"
EndProject
Project("{9A19103F-16F7-4668-BE54-9A1E7A4F7556}") = "Catalog.Core", "src\Services\Catalog\Catalog.Core\Catalog.Core.csproj", "{3215EF7C-A08D-4985-8086-4FEBD6808F41}"
EndProject
Project("{9A19103F-16F7-4668-BE54-9A1E7A4F7556}") = "Catalog.Application", "src\Services\Catalog\Catalog.Application\Catalog.Application.csproj", "{1177E85D-8A69-4A9C-9801-B205CBF36CAE}"
EndProject
Project("{9A19103F-16F7-4668-BE54-9A1E7A4F7556}") = "Catalog.Infrastructure", "src\Services\Catalog\Catalog.Infrastructure\Catalog.Infrastructure.csproj", "{EAF3EA87-4D25-458E-8F66-792581188FF5}"
EndProject
Project("{E53339B2-1760-4266-BCC7-CA923CBCF16C}") = "docker-compose", "docker-compose.dcproj", "{E034E3BB-9F4C-4FAF-AA03-601A388F4F60}"
EndProject
Project("{2150E333-8FDC-42A3-9474-1A3956D46DE8}") = "Basket", "Basket", "{C7463524-FAA4-4E80-BF6C-DCF5F115AE75}"
EndProject
Project("{9A19103F-16F7-4668-BE54-9A1E7A4F7556}") = "Basket.Application", "src\Services\Basket\Basket.Application\Basket.Application.csproj", "{3BEA8460-4546-4FA9-B4F1-45D0C8FE0FD6}"
EndProject
Project("{9A19103F-16F7-4668-BE54-9A1E7A4F7556}") = "Basket.Core", "src\Services\Basket\Basket.Core\Basket.Core.csproj", "{E999B06A-504A-4300-9CF0-90E66B395531}"
EndProject
Project("{9A19103F-16F7-4668-BE54-9A1E7A4F7556}") = "Basket.Infrastructure", "src\Services\Basket\Basket.Infrastructure\Basket.Infrastructure.csproj", "{8A15885D-FADB-4D5F-8FB6-143F2035D622}"
EndProject
Project("{9A19103F-16F7-4668-BE54-9A1E7A4F7556}") = "Basket.API", "src\Services\Basket\Basket.API\Basket.API.csproj", "{0B735A6F-7170-4D3E-A035-F2AEDB186FDA}"
EndProject
Project("{2150E333-8FDC-42A3-9474-1A3956D46DE8}") = "Discount", "Discount", "{0ADE2EB3-8310-4FEC-AFF0-2AC52321EA80}"
EndProject
Project("{9A19103F-16F7-4668-BE54-9A1E7A4F7556}") = "Discount.Core", "src\Services\Discount\Discount.Core\Discount.Core.csproj", "{6BFC3FFE-5AA7-424B-8320-D5ADD769F498}"
EndProject
Project("{9A19103F-16F7-4668-BE54-9A1E7A4F7556}") = "Discount.Application", "src\Services\Discount\Discount.Application\Discount.Application.csproj", "{361E322E-651A-4E28-A19D-A3CE46F05DAF}"
EndProject
Project("{9A19103F-16F7-4668-BE54-9A1E7A4F7556}") = "Discount.Infrastructure", "src\Services\Discount\Discount.Infrastructure\Discount.Infrastructure.csproj", "{AF1CA0E4-EC8E-4600-A08B-D7BA80CA7F9E}"
EndProject
Project("{9A19103F-16F7-4668-BE54-9A1E7A4F7556}") = "Discount.API", "src\Services\Discount\Discount.API\Discount.API.csproj", "{7E814AF8-A41A-4BD7-AD54-2A5BD7FDF9C0}"
EndProject
Project("{2150E333-8FDC-42A3-9474-1A3956D46DE8}") = "Ordering", "Ordering", "{24B64532-4BC5-45B6-8C51-4A8DF8D48B38}"
EndProject
Project("{9A19103F-16F7-4668-BE54-9A1E7A4F7556}") = "Ordering.API", "src\Services\Ordering\Ordering.API\Ordering.API.csproj", "{D0AA7072-7593-48D7-B828-E6BC8B1430F4}"
EndProject
Project("{9A19103F-16F7-4668-BE54-9A1E7A4F7556}") = "Ordering.Core", "src\Services\Ordering\Ordering.Core\Ordering.Core.csproj", "{52A92409-A73B-407C-BC6D-3B70ED485439}"
EndProject
Project("{9A19103F-16F7-4668-BE54-9A1E7A4F7556}") = "Ordering.Application", "src\Services\Ordering\Ordering.Application\Ordering.Application.csproj", "{E6DF6E86-B9F8-4B56-A592-EEB83D7CCED0}"
EndProject
Project("{9A19103F-16F7-4668-BE54-9A1E7A4F7556}") = "Ordering.Infrastructure", "src\Services\Ordering\Ordering.Infrastructure\Ordering.Infrastructure.csproj", "{6AF3F8C4-6C98-47EE-AC7D-18A1DBEFAA0A}"
EndProject
Project("{2150E333-8FDC-42A3-9474-1A3956D46DE8}") = "Infrastructure", "Infrastructure", "{873484F7-C96D-4051-8DA1-5FA53BE1E092}"
EndProject
Project("{FAE04EC0-301F-11D3-BF4B-00C04F79EFBC}") = "EventBus.Messages", "src\Infrastructure\EventBus.Messages\EventBus.Messages.csproj", "{1CE1926B-AF37-4A6C-9FCF-EEBCFE89A957}"
EndProject
Global
	GlobalSection(SolutionConfigurationPlatforms) = preSolution
		Debug|Any CPU = Debug|Any CPU
		Release|Any CPU = Release|Any CPU
	EndGlobalSection
	GlobalSection(ProjectConfigurationPlatforms) = postSolution
		{2CAB6E50-BB52-4E40-BB77-1DFC145F2609}.Debug|Any CPU.ActiveCfg = Debug|Any CPU
		{2CAB6E50-BB52-4E40-BB77-1DFC145F2609}.Debug|Any CPU.Build.0 = Debug|Any CPU
		{2CAB6E50-BB52-4E40-BB77-1DFC145F2609}.Release|Any CPU.ActiveCfg = Release|Any CPU
		{2CAB6E50-BB52-4E40-BB77-1DFC145F2609}.Release|Any CPU.Build.0 = Release|Any CPU
		{3215EF7C-A08D-4985-8086-4FEBD6808F41}.Debug|Any CPU.ActiveCfg = Debug|Any CPU
		{3215EF7C-A08D-4985-8086-4FEBD6808F41}.Debug|Any CPU.Build.0 = Debug|Any CPU
		{3215EF7C-A08D-4985-8086-4FEBD6808F41}.Release|Any CPU.ActiveCfg = Release|Any CPU
		{3215EF7C-A08D-4985-8086-4FEBD6808F41}.Release|Any CPU.Build.0 = Release|Any CPU
		{1177E85D-8A69-4A9C-9801-B205CBF36CAE}.Debug|Any CPU.ActiveCfg = Debug|Any CPU
		{1177E85D-8A69-4A9C-9801-B205CBF36CAE}.Debug|Any CPU.Build.0 = Debug|Any CPU
		{1177E85D-8A69-4A9C-9801-B205CBF36CAE}.Release|Any CPU.ActiveCfg = Release|Any CPU
		{1177E85D-8A69-4A9C-9801-B205CBF36CAE}.Release|Any CPU.Build.0 = Release|Any CPU
		{EAF3EA87-4D25-458E-8F66-792581188FF5}.Debug|Any CPU.ActiveCfg = Debug|Any CPU
		{EAF3EA87-4D25-458E-8F66-792581188FF5}.Debug|Any CPU.Build.0 = Debug|Any CPU
		{EAF3EA87-4D25-458E-8F66-792581188FF5}.Release|Any CPU.ActiveCfg = Release|Any CPU
		{EAF3EA87-4D25-458E-8F66-792581188FF5}.Release|Any CPU.Build.0 = Release|Any CPU
		{E034E3BB-9F4C-4FAF-AA03-601A388F4F60}.Debug|Any CPU.ActiveCfg = Debug|Any CPU
		{E034E3BB-9F4C-4FAF-AA03-601A388F4F60}.Debug|Any CPU.Build.0 = Debug|Any CPU
		{E034E3BB-9F4C-4FAF-AA03-601A388F4F60}.Release|Any CPU.ActiveCfg = Release|Any CPU
		{E034E3BB-9F4C-4FAF-AA03-601A388F4F60}.Release|Any CPU.Build.0 = Release|Any CPU
		{3BEA8460-4546-4FA9-B4F1-45D0C8FE0FD6}.Debug|Any CPU.ActiveCfg = Debug|Any CPU
		{3BEA8460-4546-4FA9-B4F1-45D0C8FE0FD6}.Debug|Any CPU.Build.0 = Debug|Any CPU
		{3BEA8460-4546-4FA9-B4F1-45D0C8FE0FD6}.Release|Any CPU.ActiveCfg = Release|Any CPU
		{3BEA8460-4546-4FA9-B4F1-45D0C8FE0FD6}.Release|Any CPU.Build.0 = Release|Any CPU
		{E999B06A-504A-4300-9CF0-90E66B395531}.Debug|Any CPU.ActiveCfg = Debug|Any CPU
		{E999B06A-504A-4300-9CF0-90E66B395531}.Debug|Any CPU.Build.0 = Debug|Any CPU
		{E999B06A-504A-4300-9CF0-90E66B395531}.Release|Any CPU.ActiveCfg = Release|Any CPU
		{E999B06A-504A-4300-9CF0-90E66B395531}.Release|Any CPU.Build.0 = Release|Any CPU
		{8A15885D-FADB-4D5F-8FB6-143F2035D622}.Debug|Any CPU.ActiveCfg = Debug|Any CPU
		{8A15885D-FADB-4D5F-8FB6-143F2035D622}.Debug|Any CPU.Build.0 = Debug|Any CPU
		{8A15885D-FADB-4D5F-8FB6-143F2035D622}.Release|Any CPU.ActiveCfg = Release|Any CPU
		{8A15885D-FADB-4D5F-8FB6-143F2035D622}.Release|Any CPU.Build.0 = Release|Any CPU
		{0B735A6F-7170-4D3E-A035-F2AEDB186FDA}.Debug|Any CPU.ActiveCfg = Debug|Any CPU
		{0B735A6F-7170-4D3E-A035-F2AEDB186FDA}.Debug|Any CPU.Build.0 = Debug|Any CPU
		{0B735A6F-7170-4D3E-A035-F2AEDB186FDA}.Release|Any CPU.ActiveCfg = Release|Any CPU
		{0B735A6F-7170-4D3E-A035-F2AEDB186FDA}.Release|Any CPU.Build.0 = Release|Any CPU
		{6BFC3FFE-5AA7-424B-8320-D5ADD769F498}.Debug|Any CPU.ActiveCfg = Debug|Any CPU
		{6BFC3FFE-5AA7-424B-8320-D5ADD769F498}.Debug|Any CPU.Build.0 = Debug|Any CPU
		{6BFC3FFE-5AA7-424B-8320-D5ADD769F498}.Release|Any CPU.ActiveCfg = Release|Any CPU
		{6BFC3FFE-5AA7-424B-8320-D5ADD769F498}.Release|Any CPU.Build.0 = Release|Any CPU
		{361E322E-651A-4E28-A19D-A3CE46F05DAF}.Debug|Any CPU.ActiveCfg = Debug|Any CPU
		{361E322E-651A-4E28-A19D-A3CE46F05DAF}.Debug|Any CPU.Build.0 = Debug|Any CPU
		{361E322E-651A-4E28-A19D-A3CE46F05DAF}.Release|Any CPU.ActiveCfg = Release|Any CPU
		{361E322E-651A-4E28-A19D-A3CE46F05DAF}.Release|Any CPU.Build.0 = Release|Any CPU
		{AF1CA0E4-EC8E-4600-A08B-D7BA80CA7F9E}.Debug|Any CPU.ActiveCfg = Debug|Any CPU
		{AF1CA0E4-EC8E-4600-A08B-D7BA80CA7F9E}.Debug|Any CPU.Build.0 = Debug|Any CPU
		{AF1CA0E4-EC8E-4600-A08B-D7BA80CA7F9E}.Release|Any CPU.ActiveCfg = Release|Any CPU
		{AF1CA0E4-EC8E-4600-A08B-D7BA80CA7F9E}.Release|Any CPU.Build.0 = Release|Any CPU
		{7E814AF8-A41A-4BD7-AD54-2A5BD7FDF9C0}.Debug|Any CPU.ActiveCfg = Debug|Any CPU
		{7E814AF8-A41A-4BD7-AD54-2A5BD7FDF9C0}.Debug|Any CPU.Build.0 = Debug|Any CPU
		{7E814AF8-A41A-4BD7-AD54-2A5BD7FDF9C0}.Release|Any CPU.ActiveCfg = Release|Any CPU
		{7E814AF8-A41A-4BD7-AD54-2A5BD7FDF9C0}.Release|Any CPU.Build.0 = Release|Any CPU
		{D0AA7072-7593-48D7-B828-E6BC8B1430F4}.Debug|Any CPU.ActiveCfg = Debug|Any CPU
		{D0AA7072-7593-48D7-B828-E6BC8B1430F4}.Debug|Any CPU.Build.0 = Debug|Any CPU
		{D0AA7072-7593-48D7-B828-E6BC8B1430F4}.Release|Any CPU.ActiveCfg = Release|Any CPU
		{D0AA7072-7593-48D7-B828-E6BC8B1430F4}.Release|Any CPU.Build.0 = Release|Any CPU
		{52A92409-A73B-407C-BC6D-3B70ED485439}.Debug|Any CPU.ActiveCfg = Debug|Any CPU
		{52A92409-A73B-407C-BC6D-3B70ED485439}.Debug|Any CPU.Build.0 = Debug|Any CPU
		{52A92409-A73B-407C-BC6D-3B70ED485439}.Release|Any CPU.ActiveCfg = Release|Any CPU
		{52A92409-A73B-407C-BC6D-3B70ED485439}.Release|Any CPU.Build.0 = Release|Any CPU
		{E6DF6E86-B9F8-4B56-A592-EEB83D7CCED0}.Debug|Any CPU.ActiveCfg = Debug|Any CPU
		{E6DF6E86-B9F8-4B56-A592-EEB83D7CCED0}.Debug|Any CPU.Build.0 = Debug|Any CPU
		{E6DF6E86-B9F8-4B56-A592-EEB83D7CCED0}.Release|Any CPU.ActiveCfg = Release|Any CPU
		{E6DF6E86-B9F8-4B56-A592-EEB83D7CCED0}.Release|Any CPU.Build.0 = Release|Any CPU
		{6AF3F8C4-6C98-47EE-AC7D-18A1DBEFAA0A}.Debug|Any CPU.ActiveCfg = Debug|Any CPU
		{6AF3F8C4-6C98-47EE-AC7D-18A1DBEFAA0A}.Debug|Any CPU.Build.0 = Debug|Any CPU
		{6AF3F8C4-6C98-47EE-AC7D-18A1DBEFAA0A}.Release|Any CPU.ActiveCfg = Release|Any CPU
		{6AF3F8C4-6C98-47EE-AC7D-18A1DBEFAA0A}.Release|Any CPU.Build.0 = Release|Any CPU
		{1CE1926B-AF37-4A6C-9FCF-EEBCFE89A957}.Debug|Any CPU.ActiveCfg = Debug|Any CPU
		{1CE1926B-AF37-4A6C-9FCF-EEBCFE89A957}.Debug|Any CPU.Build.0 = Debug|Any CPU
		{1CE1926B-AF37-4A6C-9FCF-EEBCFE89A957}.Release|Any CPU.ActiveCfg = Release|Any CPU
		{1CE1926B-AF37-4A6C-9FCF-EEBCFE89A957}.Release|Any CPU.Build.0 = Release|Any CPU
	EndGlobalSection
	GlobalSection(SolutionProperties) = preSolution
		HideSolutionNode = FALSE
	EndGlobalSection
	GlobalSection(NestedProjects) = preSolution
		{38E54E89-3F33-4A3E-A8CD-13A558B34927} = {78C7E60D-7C08-4987-ABEB-009776BA6BC5}
		{9B6448F0-C6CE-4EEC-A30F-E38B848AAB52} = {38E54E89-3F33-4A3E-A8CD-13A558B34927}
		{2CAB6E50-BB52-4E40-BB77-1DFC145F2609} = {9B6448F0-C6CE-4EEC-A30F-E38B848AAB52}
		{3215EF7C-A08D-4985-8086-4FEBD6808F41} = {9B6448F0-C6CE-4EEC-A30F-E38B848AAB52}
		{1177E85D-8A69-4A9C-9801-B205CBF36CAE} = {9B6448F0-C6CE-4EEC-A30F-E38B848AAB52}
		{EAF3EA87-4D25-458E-8F66-792581188FF5} = {9B6448F0-C6CE-4EEC-A30F-E38B848AAB52}
		{C7463524-FAA4-4E80-BF6C-DCF5F115AE75} = {38E54E89-3F33-4A3E-A8CD-13A558B34927}
		{3BEA8460-4546-4FA9-B4F1-45D0C8FE0FD6} = {C7463524-FAA4-4E80-BF6C-DCF5F115AE75}
		{E999B06A-504A-4300-9CF0-90E66B395531} = {C7463524-FAA4-4E80-BF6C-DCF5F115AE75}
		{8A15885D-FADB-4D5F-8FB6-143F2035D622} = {C7463524-FAA4-4E80-BF6C-DCF5F115AE75}
		{0B735A6F-7170-4D3E-A035-F2AEDB186FDA} = {C7463524-FAA4-4E80-BF6C-DCF5F115AE75}
		{0ADE2EB3-8310-4FEC-AFF0-2AC52321EA80} = {38E54E89-3F33-4A3E-A8CD-13A558B34927}
		{6BFC3FFE-5AA7-424B-8320-D5ADD769F498} = {0ADE2EB3-8310-4FEC-AFF0-2AC52321EA80}
		{361E322E-651A-4E28-A19D-A3CE46F05DAF} = {0ADE2EB3-8310-4FEC-AFF0-2AC52321EA80}
		{AF1CA0E4-EC8E-4600-A08B-D7BA80CA7F9E} = {0ADE2EB3-8310-4FEC-AFF0-2AC52321EA80}
		{7E814AF8-A41A-4BD7-AD54-2A5BD7FDF9C0} = {0ADE2EB3-8310-4FEC-AFF0-2AC52321EA80}
		{24B64532-4BC5-45B6-8C51-4A8DF8D48B38} = {38E54E89-3F33-4A3E-A8CD-13A558B34927}
		{D0AA7072-7593-48D7-B828-E6BC8B1430F4} = {24B64532-4BC5-45B6-8C51-4A8DF8D48B38}
		{52A92409-A73B-407C-BC6D-3B70ED485439} = {24B64532-4BC5-45B6-8C51-4A8DF8D48B38}
		{E6DF6E86-B9F8-4B56-A592-EEB83D7CCED0} = {24B64532-4BC5-45B6-8C51-4A8DF8D48B38}
		{6AF3F8C4-6C98-47EE-AC7D-18A1DBEFAA0A} = {24B64532-4BC5-45B6-8C51-4A8DF8D48B38}
		{873484F7-C96D-4051-8DA1-5FA53BE1E092} = {78C7E60D-7C08-4987-ABEB-009776BA6BC5}
		{1CE1926B-AF37-4A6C-9FCF-EEBCFE89A957} = {873484F7-C96D-4051-8DA1-5FA53BE1E092}
	EndGlobalSection
	GlobalSection(ExtensibilityGlobals) = postSolution
		SolutionGuid = {501DF47A-B57A-4755-A0A1-A8DCC66B8E21}
	EndGlobalSection
EndGlobal
